
Microsoft Visual Studio Solution File, Format Version 12.00
# Visual Studio Version 17
VisualStudioVersion = 17.8.34322.80
MinimumVisualStudioVersion = 10.0.40219.1
Project("{FAE04EC0-301F-11D3-BF4B-00C04F79EFBC}") = "ContactsModel", "ContactsModel.csproj", "{C3FE5807-F048-4930-BC5C-4F277B0043A0}"
EndProject
Project("{2150E333-8FDC-42A3-9474-1A3956D46DE8}") = "Solution Items", "Solution Items", "{EA5DFF35-76E9-4190-ACF7-3591D0241EA8}"
EndProject
Project("{FAE04EC0-301F-11D3-BF4B-00C04F79EFBC}") = "clsBussinessContacts", "..\BussinessContacts\clsBussinessContacts.csproj", "{935EE718-231A-4B0F-87B0-41906F9265FF}"
EndProject
Project("{FAE04EC0-301F-11D3-BF4B-00C04F79EFBC}") = "clsDataLayer", "..\DataContacts\clsDataLayer.csproj", "{987DD76F-EF4E-4508-BD51-B87CA5F3FB8C}"
EndProject
Global
	GlobalSection(SolutionConfigurationPlatforms) = preSolution
		Debug|Any CPU = Debug|Any CPU
		Release|Any CPU = Release|Any CPU
	EndGlobalSection
	GlobalSection(ProjectConfigurationPlatforms) = postSolution
		{C3FE5807-F048-4930-BC5C-4F277B0043A0}.Debug|Any CPU.ActiveCfg = Debug|Any CPU
		{C3FE5807-F048-4930-BC5C-4F277B0043A0}.Debug|Any CPU.Build.0 = Debug|Any CPU
		{C3FE5807-F048-4930-BC5C-4F277B0043A0}.Release|Any CPU.ActiveCfg = Release|Any CPU
		{C3FE5807-F048-4930-BC5C-4F277B0043A0}.Release|Any CPU.Build.0 = Release|Any CPU
		{935EE718-231A-4B0F-87B0-41906F9265FF}.Debug|Any CPU.ActiveCfg = Debug|Any CPU
		{935EE718-231A-4B0F-87B0-41906F9265FF}.Debug|Any CPU.Build.0 = Debug|Any CPU
		{935EE718-231A-4B0F-87B0-41906F9265FF}.Release|Any CPU.ActiveCfg = Release|Any CPU
		{935EE718-231A-4B0F-87B0-41906F9265FF}.Release|Any CPU.Build.0 = Release|Any CPU
		{987DD76F-EF4E-4508-BD51-B87CA5F3FB8C}.Debug|Any CPU.ActiveCfg = Debug|Any CPU
		{987DD76F-EF4E-4508-BD51-B87CA5F3FB8C}.Debug|Any CPU.Build.0 = Debug|Any CPU
		{987DD76F-EF4E-4508-BD51-B87CA5F3FB8C}.Release|Any CPU.ActiveCfg = Release|Any CPU
		{987DD76F-EF4E-4508-BD51-B87CA5F3FB8C}.Release|Any CPU.Build.0 = Release|Any CPU
	EndGlobalSection
	GlobalSection(SolutionProperties) = preSolution
		HideSolutionNode = FALSE
	EndGlobalSection
	GlobalSection(ExtensibilityGlobals) = postSolution
		SolutionGuid = {6DE12BA8-CBC5-4769-95B6-C6F52D69E019}
	EndGlobalSection
EndGlobal
